
Microsoft Visual Studio Solution File, Format Version 12.00
# Visual Studio 15
VisualStudioVersion = 15.0.27130.2027
MinimumVisualStudioVersion = 10.0.40219.1
Project("{FAE04EC0-301F-11D3-BF4B-00C04F79EFBC}") = "mongoDBLearn", "mongoDBLearn\mongoDBLearn.csproj", "{D94683A9-D40D-41D6-AA69-5244B90D513D}"
EndProject
Global
	GlobalSection(SolutionConfigurationPlatforms) = preSolution
		Debug|Any CPU = Debug|Any CPU
		Release|Any CPU = Release|Any CPU
	EndGlobalSection
	GlobalSection(ProjectConfigurationPlatforms) = postSolution
		{D94683A9-D40D-41D6-AA69-5244B90D513D}.Debug|Any CPU.ActiveCfg = Debug|Any CPU
		{D94683A9-D40D-41D6-AA69-5244B90D513D}.Debug|Any CPU.Build.0 = Debug|Any CPU
		{D94683A9-D40D-41D6-AA69-5244B90D513D}.Release|Any CPU.ActiveCfg = Release|Any CPU
		{D94683A9-D40D-41D6-AA69-5244B90D513D}.Release|Any CPU.Build.0 = Release|Any CPU
	EndGlobalSection
	GlobalSection(SolutionProperties) = preSolution
		HideSolutionNode = FALSE
	EndGlobalSection
	GlobalSection(ExtensibilityGlobals) = postSolution
		SolutionGuid = {4D8B6303-1AA3-4AC5-8A32-E44ADCBDC849}
	EndGlobalSection
EndGlobal
